
Microsoft Visual Studio Solution File, Format Version 12.00
# Visual Studio 2013
VisualStudioVersion = 12.0.21005.1
MinimumVisualStudioVersion = 10.0.40219.1
Project("{FAE04EC0-301F-11D3-BF4B-00C04F79EFBC}") = "DOANTT", "DOANTT\DOANTT.csproj", "{7B9A52CD-F8CD-4CEB-93A6-F2E2021B6D45}"
EndProject
Project("{FAE04EC0-301F-11D3-BF4B-00C04F79EFBC}") = "BUS", "BUS\BUS.csproj", "{0566C34D-2720-41FA-B6D2-C5FC3F60E8C5}"
EndProject
Project("{FAE04EC0-301F-11D3-BF4B-00C04F79EFBC}") = "HELPER", "HELPER\HELPER.csproj", "{E2F73B23-B7DF-4CA2-82E6-A6D1C4B4E921}"
EndProject
Project("{2150E333-8FDC-42A3-9474-1A3956D46DE8}") = ".nuget", ".nuget", "{716952DA-C5A2-45E7-B03D-CAF3DF5C0536}"
	ProjectSection(SolutionItems) = preProject
		.nuget\NuGet.Config = .nuget\NuGet.Config
		.nuget\NuGet.exe = .nuget\NuGet.exe
		.nuget\NuGet.targets = .nuget\NuGet.targets
	EndProjectSection
EndProject
Global
	GlobalSection(SolutionConfigurationPlatforms) = preSolution
		Debug|Any CPU = Debug|Any CPU
		Release|Any CPU = Release|Any CPU
	EndGlobalSection
	GlobalSection(ProjectConfigurationPlatforms) = postSolution
		{7B9A52CD-F8CD-4CEB-93A6-F2E2021B6D45}.Debug|Any CPU.ActiveCfg = Debug|Any CPU
		{7B9A52CD-F8CD-4CEB-93A6-F2E2021B6D45}.Debug|Any CPU.Build.0 = Debug|Any CPU
		{7B9A52CD-F8CD-4CEB-93A6-F2E2021B6D45}.Release|Any CPU.ActiveCfg = Release|Any CPU
		{7B9A52CD-F8CD-4CEB-93A6-F2E2021B6D45}.Release|Any CPU.Build.0 = Release|Any CPU
		{0566C34D-2720-41FA-B6D2-C5FC3F60E8C5}.Debug|Any CPU.ActiveCfg = Debug|Any CPU
		{0566C34D-2720-41FA-B6D2-C5FC3F60E8C5}.Debug|Any CPU.Build.0 = Debug|Any CPU
		{0566C34D-2720-41FA-B6D2-C5FC3F60E8C5}.Release|Any CPU.ActiveCfg = Release|Any CPU
		{0566C34D-2720-41FA-B6D2-C5FC3F60E8C5}.Release|Any CPU.Build.0 = Release|Any CPU
		{E2F73B23-B7DF-4CA2-82E6-A6D1C4B4E921}.Debug|Any CPU.ActiveCfg = Debug|Any CPU
		{E2F73B23-B7DF-4CA2-82E6-A6D1C4B4E921}.Debug|Any CPU.Build.0 = Debug|Any CPU
		{E2F73B23-B7DF-4CA2-82E6-A6D1C4B4E921}.Release|Any CPU.ActiveCfg = Release|Any CPU
		{E2F73B23-B7DF-4CA2-82E6-A6D1C4B4E921}.Release|Any CPU.Build.0 = Release|Any CPU
	EndGlobalSection
	GlobalSection(SolutionProperties) = preSolution
		HideSolutionNode = FALSE
	EndGlobalSection
EndGlobal
